// !$*UTF8*$!
{
	archiveVersion = 1;
	classes = {
	};
	objectVersion = 56;
	objects = {

/* Begin PBXBuildFile section */
		8D3923FE298DF98B00871218 /* RecordViewModel.swift in Sources */ = {isa = PBXBuildFile; fileRef = 8D3923FD298DF98B00871218 /* RecordViewModel.swift */; };
		8D392403298E08AA00871218 /* ChartViewController.swift in Sources */ = {isa = PBXBuildFile; fileRef = 8D392402298E08AA00871218 /* ChartViewController.swift */; };
		8DF1C036298B973B0035403E /* AppDelegate.swift in Sources */ = {isa = PBXBuildFile; fileRef = 8DF1C035298B973B0035403E /* AppDelegate.swift */; };
		8DF1C038298B973B0035403E /* SceneDelegate.swift in Sources */ = {isa = PBXBuildFile; fileRef = 8DF1C037298B973B0035403E /* SceneDelegate.swift */; };
		8DF1C03A298B973B0035403E /* ViewController.swift in Sources */ = {isa = PBXBuildFile; fileRef = 8DF1C039298B973B0035403E /* ViewController.swift */; };
		8DF1C03D298B973B0035403E /* Main.storyboard in Resources */ = {isa = PBXBuildFile; fileRef = 8DF1C03B298B973B0035403E /* Main.storyboard */; };
		8DF1C03F298B973C0035403E /* Assets.xcassets in Resources */ = {isa = PBXBuildFile; fileRef = 8DF1C03E298B973C0035403E /* Assets.xcassets */; };
		8DF1C042298B973C0035403E /* LaunchScreen.storyboard in Resources */ = {isa = PBXBuildFile; fileRef = 8DF1C040298B973C0035403E /* LaunchScreen.storyboard */; };
		8DF1C04B298B97E10035403E /* Charts in Frameworks */ = {isa = PBXBuildFile; productRef = 8DF1C04A298B97E10035403E /* Charts */; };
		8DF1C05A298D07CD0035403E /* RecordChart.swift in Sources */ = {isa = PBXBuildFile; fileRef = 8DF1C059298D07CD0035403E /* RecordChart.swift */; };
		8DF1C05D298D08320035403E /* ReportRecord.swift in Sources */ = {isa = PBXBuildFile; fileRef = 8DF1C05B298D08320035403E /* ReportRecord.swift */; };
		8DF1C05E298D08320035403E /* DetailRecord.swift in Sources */ = {isa = PBXBuildFile; fileRef = 8DF1C05C298D08320035403E /* DetailRecord.swift */; };
/* End PBXBuildFile section */

/* Begin PBXFileReference section */
		8D3923FD298DF98B00871218 /* RecordViewModel.swift */ = {isa = PBXFileReference; lastKnownFileType = sourcecode.swift; path = RecordViewModel.swift; sourceTree = "<group>"; };
		8D392402298E08AA00871218 /* ChartViewController.swift */ = {isa = PBXFileReference; lastKnownFileType = sourcecode.swift; path = ChartViewController.swift; sourceTree = "<group>"; };
		8DF1C032298B973B0035403E /* ChartPractice.app */ = {isa = PBXFileReference; explicitFileType = wrapper.application; includeInIndex = 0; path = ChartPractice.app; sourceTree = BUILT_PRODUCTS_DIR; };
		8DF1C035298B973B0035403E /* AppDelegate.swift */ = {isa = PBXFileReference; lastKnownFileType = sourcecode.swift; path = AppDelegate.swift; sourceTree = "<group>"; };
		8DF1C037298B973B0035403E /* SceneDelegate.swift */ = {isa = PBXFileReference; lastKnownFileType = sourcecode.swift; path = SceneDelegate.swift; sourceTree = "<group>"; };
		8DF1C039298B973B0035403E /* ViewController.swift */ = {isa = PBXFileReference; lastKnownFileType = sourcecode.swift; path = ViewController.swift; sourceTree = "<group>"; };
		8DF1C03C298B973B0035403E /* Base */ = {isa = PBXFileReference; lastKnownFileType = file.storyboard; name = Base; path = Base.lproj/Main.storyboard; sourceTree = "<group>"; };
		8DF1C03E298B973C0035403E /* Assets.xcassets */ = {isa = PBXFileReference; lastKnownFileType = folder.assetcatalog; path = Assets.xcassets; sourceTree = "<group>"; };
		8DF1C041298B973C0035403E /* Base */ = {isa = PBXFileReference; lastKnownFileType = file.storyboard; name = Base; path = Base.lproj/LaunchScreen.storyboard; sourceTree = "<group>"; };
		8DF1C043298B973C0035403E /* Info.plist */ = {isa = PBXFileReference; lastKnownFileType = text.plist.xml; path = Info.plist; sourceTree = "<group>"; };
		8DF1C059298D07CD0035403E /* RecordChart.swift */ = {isa = PBXFileReference; lastKnownFileType = sourcecode.swift; path = RecordChart.swift; sourceTree = "<group>"; };
		8DF1C05B298D08320035403E /* ReportRecord.swift */ = {isa = PBXFileReference; fileEncoding = 4; lastKnownFileType = sourcecode.swift; path = ReportRecord.swift; sourceTree = "<group>"; };
		8DF1C05C298D08320035403E /* DetailRecord.swift */ = {isa = PBXFileReference; fileEncoding = 4; lastKnownFileType = sourcecode.swift; path = DetailRecord.swift; sourceTree = "<group>"; };
/* End PBXFileReference section */

/* Begin PBXFrameworksBuildPhase section */
		8DF1C02F298B973B0035403E /* Frameworks */ = {
			isa = PBXFrameworksBuildPhase;
			buildActionMask = 2147483647;
			files = (
				8DF1C04B298B97E10035403E /* Charts in Frameworks */,
			);
			runOnlyForDeploymentPostprocessing = 0;
		};
/* End PBXFrameworksBuildPhase section */

/* Begin PBXGroup section */
		8D3923FF298E086F00871218 /* Model */ = {
			isa = PBXGroup;
			children = (
				8DF1C05C298D08320035403E /* DetailRecord.swift */,
				8DF1C05B298D08320035403E /* ReportRecord.swift */,
				8DF1C059298D07CD0035403E /* RecordChart.swift */,
			);
			path = Model;
			sourceTree = "<group>";
		};
		8D392400298E088100871218 /* View */ = {
			isa = PBXGroup;
			children = (
				8DF1C040298B973C0035403E /* LaunchScreen.storyboard */,
				8DF1C03B298B973B0035403E /* Main.storyboard */,
				8DF1C039298B973B0035403E /* ViewController.swift */,
				8D392402298E08AA00871218 /* ChartViewController.swift */,
			);
			path = View;
			sourceTree = "<group>";
		};
		8D392401298E088700871218 /* ViewModel */ = {
			isa = PBXGroup;
			children = (
				8D3923FD298DF98B00871218 /* RecordViewModel.swift */,
			);
			path = ViewModel;
			sourceTree = "<group>";
		};
		8DF1C029298B973B0035403E = {
			isa = PBXGroup;
			children = (
				8DF1C034298B973B0035403E /* ChartPractice */,
				8DF1C033298B973B0035403E /* Products */,
			);
			sourceTree = "<group>";
		};
		8DF1C033298B973B0035403E /* Products */ = {
			isa = PBXGroup;
			children = (
				8DF1C032298B973B0035403E /* ChartPractice.app */,
			);
			name = Products;
			sourceTree = "<group>";
		};
		8DF1C034298B973B0035403E /* ChartPractice */ = {
			isa = PBXGroup;
			children = (
				8DF1C035298B973B0035403E /* AppDelegate.swift */,
				8DF1C037298B973B0035403E /* SceneDelegate.swift */,
				8D3923FF298E086F00871218 /* Model */,
				8D392400298E088100871218 /* View */,
				8D392401298E088700871218 /* ViewModel */,
				8DF1C03E298B973C0035403E /* Assets.xcassets */,
				8DF1C043298B973C0035403E /* Info.plist */,
			);
			path = ChartPractice;
			sourceTree = "<group>";
		};
/* End PBXGroup section */

/* Begin PBXNativeTarget section */
		8DF1C031298B973B0035403E /* ChartPractice */ = {
			isa = PBXNativeTarget;
			buildConfigurationList = 8DF1C046298B973C0035403E /* Build configuration list for PBXNativeTarget "ChartPractice" */;
			buildPhases = (
				8DF1C02E298B973B0035403E /* Sources */,
				8DF1C02F298B973B0035403E /* Frameworks */,
				8DF1C030298B973B0035403E /* Resources */,
			);
			buildRules = (
			);
			dependencies = (
			);
			name = ChartPractice;
			packageProductDependencies = (
				8DF1C04A298B97E10035403E /* Charts */,
			);
			productName = ChartPractice;
			productReference = 8DF1C032298B973B0035403E /* ChartPractice.app */;
			productType = "com.apple.product-type.application";
		};
/* End PBXNativeTarget section */

/* Begin PBXProject section */
		8DF1C02A298B973B0035403E /* Project object */ = {
			isa = PBXProject;
			attributes = {
				BuildIndependentTargetsInParallel = 1;
				LastSwiftUpdateCheck = 1420;
				LastUpgradeCheck = 1420;
				TargetAttributes = {
					8DF1C031298B973B0035403E = {
						CreatedOnToolsVersion = 14.2;
					};
				};
			};
			buildConfigurationList = 8DF1C02D298B973B0035403E /* Build configuration list for PBXProject "ChartPractice" */;
			compatibilityVersion = "Xcode 14.0";
			developmentRegion = en;
			hasScannedForEncodings = 0;
			knownRegions = (
				en,
				Base,
			);
			mainGroup = 8DF1C029298B973B0035403E;
			packageReferences = (
				8DF1C049298B97E10035403E /* XCRemoteSwiftPackageReference "Charts" */,
			);
			productRefGroup = 8DF1C033298B973B0035403E /* Products */;
			projectDirPath = "";
			projectRoot = "";
			targets = (
				8DF1C031298B973B0035403E /* ChartPractice */,
			);
		};
/* End PBXProject section */

/* Begin PBXResourcesBuildPhase section */
		8DF1C030298B973B0035403E /* Resources */ = {
			isa = PBXResourcesBuildPhase;
			buildActionMask = 2147483647;
			files = (
				8DF1C042298B973C0035403E /* LaunchScreen.storyboard in Resources */,
				8DF1C03F298B973C0035403E /* Assets.xcassets in Resources */,
				8DF1C03D298B973B0035403E /* Main.storyboard in Resources */,
			);
			runOnlyForDeploymentPostprocessing = 0;
		};
/* End PBXResourcesBuildPhase section */

/* Begin PBXSourcesBuildPhase section */
		8DF1C02E298B973B0035403E /* Sources */ = {
			isa = PBXSourcesBuildPhase;
			buildActionMask = 2147483647;
			files = (
				8DF1C05D298D08320035403E /* ReportRecord.swift in Sources */,
				8D3923FE298DF98B00871218 /* RecordViewModel.swift in Sources */,
				8DF1C05E298D08320035403E /* DetailRecord.swift in Sources */,
				8DF1C03A298B973B0035403E /* ViewController.swift in Sources */,
				8DF1C036298B973B0035403E /* AppDelegate.swift in Sources */,
				8D392403298E08AA00871218 /* ChartViewController.swift in Sources */,
				8DF1C05A298D07CD0035403E /* RecordChart.swift in Sources */,
				8DF1C038298B973B0035403E /* SceneDelegate.swift in Sources */,
			);
			runOnlyForDeploymentPostprocessing = 0;
		};
/* End PBXSourcesBuildPhase section */

/* Begin PBXVariantGroup section */
		8DF1C03B298B973B0035403E /* Main.storyboard */ = {
			isa = PBXVariantGroup;
			children = (
				8DF1C03C298B973B0035403E /* Base */,
			);
			name = Main.storyboard;
			sourceTree = "<group>";
		};
		8DF1C040298B973C0035403E /* LaunchScreen.storyboard */ = {
			isa = PBXVariantGroup;
			children = (
				8DF1C041298B973C0035403E /* Base */,
			);
			name = LaunchScreen.storyboard;
			sourceTree = "<group>";
		};
/* End PBXVariantGroup section */

/* Begin XCBuildConfiguration section */
		8DF1C044298B973C0035403E /* Debug */ = {
			isa = XCBuildConfiguration;
			buildSettings = {
				ALWAYS_SEARCH_USER_PATHS = NO;
				CLANG_ANALYZER_NONNULL = YES;
				CLANG_ANALYZER_NUMBER_OBJECT_CONVERSION = YES_AGGRESSIVE;
				CLANG_CXX_LANGUAGE_STANDARD = "gnu++20";
				CLANG_ENABLE_MODULES = YES;
				CLANG_ENABLE_OBJC_ARC = YES;
				CLANG_ENABLE_OBJC_WEAK = YES;
				CLANG_WARN_BLOCK_CAPTURE_AUTORELEASING = YES;
				CLANG_WARN_BOOL_CONVERSION = YES;
				CLANG_WARN_COMMA = YES;
				CLANG_WARN_CONSTANT_CONVERSION = YES;
				CLANG_WARN_DEPRECATED_OBJC_IMPLEMENTATIONS = YES;
				CLANG_WARN_DIRECT_OBJC_ISA_USAGE = YES_ERROR;
				CLANG_WARN_DOCUMENTATION_COMMENTS = YES;
				CLANG_WARN_EMPTY_BODY = YES;
				CLANG_WARN_ENUM_CONVERSION = YES;
				CLANG_WARN_INFINITE_RECURSION = YES;
				CLANG_WARN_INT_CONVERSION = YES;
				CLANG_WARN_NON_LITERAL_NULL_CONVERSION = YES;
				CLANG_WARN_OBJC_IMPLICIT_RETAIN_SELF = YES;
				CLANG_WARN_OBJC_LITERAL_CONVERSION = YES;
				CLANG_WARN_OBJC_ROOT_CLASS = YES_ERROR;
				CLANG_WARN_QUOTED_INCLUDE_IN_FRAMEWORK_HEADER = YES;
				CLANG_WARN_RANGE_LOOP_ANALYSIS = YES;
				CLANG_WARN_STRICT_PROTOTYPES = YES;
				CLANG_WARN_SUSPICIOUS_MOVE = YES;
				CLANG_WARN_UNGUARDED_AVAILABILITY = YES_AGGRESSIVE;
				CLANG_WARN_UNREACHABLE_CODE = YES;
				CLANG_WARN__DUPLICATE_METHOD_MATCH = YES;
				COPY_PHASE_STRIP = NO;
				DEBUG_INFORMATION_FORMAT = dwarf;
				ENABLE_STRICT_OBJC_MSGSEND = YES;
				ENABLE_TESTABILITY = YES;
				GCC_C_LANGUAGE_STANDARD = gnu11;
				GCC_DYNAMIC_NO_PIC = NO;
				GCC_NO_COMMON_BLOCKS = YES;
				GCC_OPTIMIZATION_LEVEL = 0;
				GCC_PREPROCESSOR_DEFINITIONS = (
					"DEBUG=1",
					"$(inherited)",
				);
				GCC_WARN_64_TO_32_BIT_CONVERSION = YES;
				GCC_WARN_ABOUT_RETURN_TYPE = YES_ERROR;
				GCC_WARN_UNDECLARED_SELECTOR = YES;
				GCC_WARN_UNINITIALIZED_AUTOS = YES_AGGRESSIVE;
				GCC_WARN_UNUSED_FUNCTION = YES;
				GCC_WARN_UNUSED_VARIABLE = YES;
				IPHONEOS_DEPLOYMENT_TARGET = 16.2;
				MTL_ENABLE_DEBUG_INFO = INCLUDE_SOURCE;
				MTL_FAST_MATH = YES;
				ONLY_ACTIVE_ARCH = YES;
				SDKROOT = iphoneos;
				SWIFT_ACTIVE_COMPILATION_CONDITIONS = DEBUG;
				SWIFT_OPTIMIZATION_LEVEL = "-Onone";
			};
			name = Debug;
		};
		8DF1C045298B973C0035403E /* Release */ = {
			isa = XCBuildConfiguration;
			buildSettings = {
				ALWAYS_SEARCH_USER_PATHS = NO;
				CLANG_ANALYZER_NONNULL = YES;
				CLANG_ANALYZER_NUMBER_OBJECT_CONVERSION = YES_AGGRESSIVE;
				CLANG_CXX_LANGUAGE_STANDARD = "gnu++20";
				CLANG_ENABLE_MODULES = YES;
				CLANG_ENABLE_OBJC_ARC = YES;
				CLANG_ENABLE_OBJC_WEAK = YES;
				CLANG_WARN_BLOCK_CAPTURE_AUTORELEASING = YES;
				CLANG_WARN_BOOL_CONVERSION = YES;
				CLANG_WARN_COMMA = YES;
				CLANG_WARN_CONSTANT_CONVERSION = YES;
				CLANG_WARN_DEPRECATED_OBJC_IMPLEMENTATIONS = YES;
				CLANG_WARN_DIRECT_OBJC_ISA_USAGE = YES_ERROR;
				CLANG_WARN_DOCUMENTATION_COMMENTS = YES;
				CLANG_WARN_EMPTY_BODY = YES;
				CLANG_WARN_ENUM_CONVERSION = YES;
				CLANG_WARN_INFINITE_RECURSION = YES;
				CLANG_WARN_INT_CONVERSION = YES;
				CLANG_WARN_NON_LITERAL_NULL_CONVERSION = YES;
				CLANG_WARN_OBJC_IMPLICIT_RETAIN_SELF = YES;
				CLANG_WARN_OBJC_LITERAL_CONVERSION = YES;
				CLANG_WARN_OBJC_ROOT_CLASS = YES_ERROR;
				CLANG_WARN_QUOTED_INCLUDE_IN_FRAMEWORK_HEADER = YES;
				CLANG_WARN_RANGE_LOOP_ANALYSIS = YES;
				CLANG_WARN_STRICT_PROTOTYPES = YES;
				CLANG_WARN_SUSPICIOUS_MOVE = YES;
				CLANG_WARN_UNGUARDED_AVAILABILITY = YES_AGGRESSIVE;
				CLANG_WARN_UNREACHABLE_CODE = YES;
				CLANG_WARN__DUPLICATE_METHOD_MATCH = YES;
				COPY_PHASE_STRIP = NO;
				DEBUG_INFORMATION_FORMAT = "dwarf-with-dsym";
				ENABLE_NS_ASSERTIONS = NO;
				ENABLE_STRICT_OBJC_MSGSEND = YES;
				GCC_C_LANGUAGE_STANDARD = gnu11;
				GCC_NO_COMMON_BLOCKS = YES;
				GCC_WARN_64_TO_32_BIT_CONVERSION = YES;
				GCC_WARN_ABOUT_RETURN_TYPE = YES_ERROR;
				GCC_WARN_UNDECLARED_SELECTOR = YES;
				GCC_WARN_UNINITIALIZED_AUTOS = YES_AGGRESSIVE;
				GCC_WARN_UNUSED_FUNCTION = YES;
				GCC_WARN_UNUSED_VARIABLE = YES;
				IPHONEOS_DEPLOYMENT_TARGET = 16.2;
				MTL_ENABLE_DEBUG_INFO = NO;
				MTL_FAST_MATH = YES;
				SDKROOT = iphoneos;
				SWIFT_COMPILATION_MODE = wholemodule;
				SWIFT_OPTIMIZATION_LEVEL = "-O";
				VALIDATE_PRODUCT = YES;
			};
			name = Release;
		};
		8DF1C047298B973C0035403E /* Debug */ = {
			isa = XCBuildConfiguration;
			buildSettings = {
				ASSETCATALOG_COMPILER_APPICON_NAME = AppIcon;
				ASSETCATALOG_COMPILER_GLOBAL_ACCENT_COLOR_NAME = AccentColor;
				CODE_SIGN_STYLE = Automatic;
				CURRENT_PROJECT_VERSION = 1;
				DEVELOPMENT_TEAM = PDRVZ7DT2S;
				GENERATE_INFOPLIST_FILE = YES;
				INFOPLIST_FILE = ChartPractice/Info.plist;
				INFOPLIST_KEY_UIApplicationSupportsIndirectInputEvents = YES;
				INFOPLIST_KEY_UILaunchStoryboardName = LaunchScreen;
				INFOPLIST_KEY_UIMainStoryboardFile = Main;
				INFOPLIST_KEY_UISupportedInterfaceOrientations_iPad = "UIInterfaceOrientationPortrait UIInterfaceOrientationPortraitUpsideDown UIInterfaceOrientationLandscapeLeft UIInterfaceOrientationLandscapeRight";
				INFOPLIST_KEY_UISupportedInterfaceOrientations_iPhone = "UIInterfaceOrientationPortrait UIInterfaceOrientationLandscapeLeft UIInterfaceOrientationLandscapeRight";
				IPHONEOS_DEPLOYMENT_TARGET = 16.0;
				LD_RUNPATH_SEARCH_PATHS = (
					"$(inherited)",
					"@executable_path/Frameworks",
				);
				MARKETING_VERSION = 1.0;
				PRODUCT_BUNDLE_IDENTIFIER = com.hsun.ChartPractice;
				PRODUCT_NAME = "$(TARGET_NAME)";
				SWIFT_EMIT_LOC_STRINGS = YES;
				SWIFT_VERSION = 5.0;
				TARGETED_DEVICE_FAMILY = "1,2";
			};
			name = Debug;
		};
		8DF1C048298B973C0035403E /* Release */ = {
			isa = XCBuildConfiguration;
			buildSettings = {
				ASSETCATALOG_COMPILER_APPICON_NAME = AppIcon;
				ASSETCATALOG_COMPILER_GLOBAL_ACCENT_COLOR_NAME = AccentColor;
				CODE_SIGN_STYLE = Automatic;
				CURRENT_PROJECT_VERSION = 1;
				DEVELOPMENT_TEAM = PDRVZ7DT2S;
				GENERATE_INFOPLIST_FILE = YES;
				INFOPLIST_FILE = ChartPractice/Info.plist;
				INFOPLIST_KEY_UIApplicationSupportsIndirectInputEvents = YES;
				INFOPLIST_KEY_UILaunchStoryboardName = LaunchScreen;
				INFOPLIST_KEY_UIMainStoryboardFile = Main;
				INFOPLIST_KEY_UISupportedInterfaceOrientations_iPad = "UIInterfaceOrientationPortrait UIInterfaceOrientationPortraitUpsideDown UIInterfaceOrientationLandscapeLeft UIInterfaceOrientationLandscapeRight";
				INFOPLIST_KEY_UISupportedInterfaceOrientations_iPhone = "UIInterfaceOrientationPortrait UIInterfaceOrientationLandscapeLeft UIInterfaceOrientationLandscapeRight";
				IPHONEOS_DEPLOYMENT_TARGET = 16.0;
				LD_RUNPATH_SEARCH_PATHS = (
					"$(inherited)",
					"@executable_path/Frameworks",
				);
				MARKETING_VERSION = 1.0;
				PRODUCT_BUNDLE_IDENTIFIER = com.hsun.ChartPractice;
				PRODUCT_NAME = "$(TARGET_NAME)";
				SWIFT_EMIT_LOC_STRINGS = YES;
				SWIFT_VERSION = 5.0;
				TARGETED_DEVICE_FAMILY = "1,2";
			};
			name = Release;
		};
/* End XCBuildConfiguration section */

/* Begin XCConfigurationList section */
		8DF1C02D298B973B0035403E /* Build configuration list for PBXProject "ChartPractice" */ = {
			isa = XCConfigurationList;
			buildConfigurations = (
				8DF1C044298B973C0035403E /* Debug */,
				8DF1C045298B973C0035403E /* Release */,
			);
			defaultConfigurationIsVisible = 0;
			defaultConfigurationName = Release;
		};
		8DF1C046298B973C0035403E /* Build configuration list for PBXNativeTarget "ChartPractice" */ = {
			isa = XCConfigurationList;
			buildConfigurations = (
				8DF1C047298B973C0035403E /* Debug */,
				8DF1C048298B973C0035403E /* Release */,
			);
			defaultConfigurationIsVisible = 0;
			defaultConfigurationName = Release;
		};
/* End XCConfigurationList section */

/* Begin XCRemoteSwiftPackageReference section */
		8DF1C049298B97E10035403E /* XCRemoteSwiftPackageReference "Charts" */ = {
			isa = XCRemoteSwiftPackageReference;
			repositoryURL = "https://github.com/danielgindi/Charts";
			requirement = {
				branch = master;
				kind = branch;
			};
		};
/* End XCRemoteSwiftPackageReference section */

/* Begin XCSwiftPackageProductDependency section */
		8DF1C04A298B97E10035403E /* Charts */ = {
			isa = XCSwiftPackageProductDependency;
			package = 8DF1C049298B97E10035403E /* XCRemoteSwiftPackageReference "Charts" */;
			productName = Charts;
		};
/* End XCSwiftPackageProductDependency section */
	};
	rootObject = 8DF1C02A298B973B0035403E /* Project object */;
}
